
Microsoft Visual Studio Solution File, Format Version 12.00
# Visual Studio Version 16
VisualStudioVersion = 16.0.31624.102
MinimumVisualStudioVersion = 10.0.40219.1
Project("{8BC9CEB8-8B4A-11D0-8D11-00A0C91BC942}") = "L6.2.1", "L6.2.1\L6.2.1.vcxproj", "{39D6164E-88D5-4FC6-A5E7-75FA731F5B89}"
EndProject
Global
	GlobalSection(SolutionConfigurationPlatforms) = preSolution
		Debug|x64 = Debug|x64
		Debug|x86 = Debug|x86
		Release|x64 = Release|x64
		Release|x86 = Release|x86
	EndGlobalSection
	GlobalSection(ProjectConfigurationPlatforms) = postSolution
		{39D6164E-88D5-4FC6-A5E7-75FA731F5B89}.Debug|x64.ActiveCfg = Debug|x64
		{39D6164E-88D5-4FC6-A5E7-75FA731F5B89}.Debug|x64.Build.0 = Debug|x64
		{39D6164E-88D5-4FC6-A5E7-75FA731F5B89}.Debug|x86.ActiveCfg = Debug|Win32
		{39D6164E-88D5-4FC6-A5E7-75FA731F5B89}.Debug|x86.Build.0 = Debug|Win32
		{39D6164E-88D5-4FC6-A5E7-75FA731F5B89}.Release|x64.ActiveCfg = Release|x64
		{39D6164E-88D5-4FC6-A5E7-75FA731F5B89}.Release|x64.Build.0 = Release|x64
		{39D6164E-88D5-4FC6-A5E7-75FA731F5B89}.Release|x86.ActiveCfg = Release|Win32
		{39D6164E-88D5-4FC6-A5E7-75FA731F5B89}.Release|x86.Build.0 = Release|Win32
	EndGlobalSection
	GlobalSection(SolutionProperties) = preSolution
		HideSolutionNode = FALSE
	EndGlobalSection
	GlobalSection(ExtensibilityGlobals) = postSolution
		SolutionGuid = {9794DCDB-E7EB-4B52-8202-530D31728EEE}
	EndGlobalSection
EndGlobal
